
Microsoft Visual Studio Solution File, Format Version 12.00
# Visual Studio Version 17
VisualStudioVersion = 17.2.32630.192
MinimumVisualStudioVersion = 10.0.40219.1
Project("{8BC9CEB8-8B4A-11D0-8D11-00A0C91BC942}") = "02_Calc", "02_Calc.vcxproj", "{B4A59E5F-B1A5-4904-9E03-AF3975D823CD}"
EndProject
Global
	GlobalSection(SolutionConfigurationPlatforms) = preSolution
		Debug|x64 = Debug|x64
		Debug|x86 = Debug|x86
		Release|x64 = Release|x64
		Release|x86 = Release|x86
	EndGlobalSection
	GlobalSection(ProjectConfigurationPlatforms) = postSolution
		{B4A59E5F-B1A5-4904-9E03-AF3975D823CD}.Debug|x64.ActiveCfg = Debug|x64
		{B4A59E5F-B1A5-4904-9E03-AF3975D823CD}.Debug|x64.Build.0 = Debug|x64
		{B4A59E5F-B1A5-4904-9E03-AF3975D823CD}.Debug|x86.ActiveCfg = Debug|Win32
		{B4A59E5F-B1A5-4904-9E03-AF3975D823CD}.Debug|x86.Build.0 = Debug|Win32
		{B4A59E5F-B1A5-4904-9E03-AF3975D823CD}.Release|x64.ActiveCfg = Release|x64
		{B4A59E5F-B1A5-4904-9E03-AF3975D823CD}.Release|x64.Build.0 = Release|x64
		{B4A59E5F-B1A5-4904-9E03-AF3975D823CD}.Release|x86.ActiveCfg = Release|Win32
		{B4A59E5F-B1A5-4904-9E03-AF3975D823CD}.Release|x86.Build.0 = Release|Win32
	EndGlobalSection
	GlobalSection(SolutionProperties) = preSolution
		HideSolutionNode = FALSE
	EndGlobalSection
	GlobalSection(ExtensibilityGlobals) = postSolution
		SolutionGuid = {C7BD0418-E852-4531-8E9D-23ADED4629BE}
	EndGlobalSection
EndGlobal
