
Microsoft Visual Studio Solution File, Format Version 12.00
# Visual Studio Version 17
VisualStudioVersion = 17.0.32014.148
MinimumVisualStudioVersion = 10.0.40219.1
Project("{2150E333-8FDC-42A3-9474-1A3956D46DE8}") = "Chapter02", "Chapter02", "{48C7710B-04DC-4C86-9D59-2ABC7A3718E8}"
EndProject
Project("{8BC9CEB8-8B4A-11D0-8D11-00A0C91BC942}") = "HelloWorld", "HelloWorld\HelloWorld.vcxproj", "{5C9438B6-366F-48A3-8943-5FEB2416CB51}"
EndProject
Project("{8BC9CEB8-8B4A-11D0-8D11-00A0C91BC942}") = "HelloWorldAgain", "HelloWorldAgain\HelloWorldAgain.vcxproj", "{14D8A631-AEA9-46B2-B88F-17AE30285ED9}"
EndProject
Global
	GlobalSection(SolutionConfigurationPlatforms) = preSolution
		Debug|x64 = Debug|x64
		Debug|x86 = Debug|x86
		Release|x64 = Release|x64
		Release|x86 = Release|x86
	EndGlobalSection
	GlobalSection(ProjectConfigurationPlatforms) = postSolution
		{5C9438B6-366F-48A3-8943-5FEB2416CB51}.Debug|x64.ActiveCfg = Debug|x64
		{5C9438B6-366F-48A3-8943-5FEB2416CB51}.Debug|x64.Build.0 = Debug|x64
		{5C9438B6-366F-48A3-8943-5FEB2416CB51}.Debug|x86.ActiveCfg = Debug|Win32
		{5C9438B6-366F-48A3-8943-5FEB2416CB51}.Debug|x86.Build.0 = Debug|Win32
		{5C9438B6-366F-48A3-8943-5FEB2416CB51}.Release|x64.ActiveCfg = Release|x64
		{5C9438B6-366F-48A3-8943-5FEB2416CB51}.Release|x64.Build.0 = Release|x64
		{5C9438B6-366F-48A3-8943-5FEB2416CB51}.Release|x86.ActiveCfg = Release|Win32
		{5C9438B6-366F-48A3-8943-5FEB2416CB51}.Release|x86.Build.0 = Release|Win32
		{14D8A631-AEA9-46B2-B88F-17AE30285ED9}.Debug|x64.ActiveCfg = Debug|x64
		{14D8A631-AEA9-46B2-B88F-17AE30285ED9}.Debug|x64.Build.0 = Debug|x64
		{14D8A631-AEA9-46B2-B88F-17AE30285ED9}.Debug|x86.ActiveCfg = Debug|Win32
		{14D8A631-AEA9-46B2-B88F-17AE30285ED9}.Debug|x86.Build.0 = Debug|Win32
		{14D8A631-AEA9-46B2-B88F-17AE30285ED9}.Release|x64.ActiveCfg = Release|x64
		{14D8A631-AEA9-46B2-B88F-17AE30285ED9}.Release|x64.Build.0 = Release|x64
		{14D8A631-AEA9-46B2-B88F-17AE30285ED9}.Release|x86.ActiveCfg = Release|Win32
		{14D8A631-AEA9-46B2-B88F-17AE30285ED9}.Release|x86.Build.0 = Release|Win32
	EndGlobalSection
	GlobalSection(SolutionProperties) = preSolution
		HideSolutionNode = FALSE
	EndGlobalSection
	GlobalSection(NestedProjects) = preSolution
		{5C9438B6-366F-48A3-8943-5FEB2416CB51} = {48C7710B-04DC-4C86-9D59-2ABC7A3718E8}
		{14D8A631-AEA9-46B2-B88F-17AE30285ED9} = {48C7710B-04DC-4C86-9D59-2ABC7A3718E8}
	EndGlobalSection
	GlobalSection(ExtensibilityGlobals) = postSolution
		SolutionGuid = {5237D17B-4791-4B1A-9D5B-96D7CCE17364}
	EndGlobalSection
EndGlobal
