
Microsoft Visual Studio Solution File, Format Version 12.00
# Visual Studio Version 17
VisualStudioVersion = 17.0.32014.148
MinimumVisualStudioVersion = 10.0.40219.1
Project("{2150E333-8FDC-42A3-9474-1A3956D46DE8}") = "Chapter02", "Chapter02", "{CBA64B60-EC3D-4CA7-B1F3-C15D193C9B71}"
EndProject
Project("{8BC9CEB8-8B4A-11D0-8D11-00A0C91BC942}") = "HelloWorld", "HelloWorld\HelloWorld.vcxproj", "{650B4E23-A270-4E02-9497-0481216055AE}"
EndProject
Project("{8BC9CEB8-8B4A-11D0-8D11-00A0C91BC942}") = "HelloWorldAgain", "HelloWorldAgain\HelloWorldAgain.vcxproj", "{8189C5B4-F4B8-415B-A8F7-DAB9BC3503A2}"
EndProject
Project("{8BC9CEB8-8B4A-11D0-8D11-00A0C91BC942}") = "HelloWorldArgs", "HelloWorldArgs\HelloWorldArgs.vcxproj", "{AAA04842-48BB-4597-8065-4CE331D8F3B3}"
EndProject
Project("{8BC9CEB8-8B4A-11D0-8D11-00A0C91BC942}") = "printf", "printf\printf.vcxproj", "{512DC6B5-158D-4057-9D77-D11241F905B9}"
EndProject
Project("{2150E333-8FDC-42A3-9474-1A3956D46DE8}") = "Chapter03", "Chapter03", "{65B58B20-AEEB-4DBD-BBC4-D5A73DB0CE9E}"
EndProject
Project("{8BC9CEB8-8B4A-11D0-8D11-00A0C91BC942}") = "01_Calc", "01_Calc\01_Calc.vcxproj", "{0A502D02-22F5-402D-9754-B53AADCAB713}"
EndProject
Project("{8BC9CEB8-8B4A-11D0-8D11-00A0C91BC942}") = "02_Calc", "02_Calc\02_Calc.vcxproj", "{0C026399-70EB-4B2F-A47A-A46C8947CF35}"
EndProject
Project("{8BC9CEB8-8B4A-11D0-8D11-00A0C91BC942}") = "03_Calc", "03_Calc\03_Calc.vcxproj", "{962BB54D-77A5-405E-BB01-8A5BACD8266D}"
EndProject
Project("{8BC9CEB8-8B4A-11D0-8D11-00A0C91BC942}") = "NamingConventions", "NamingConventions\NamingConventions.vcxproj", "{433785DA-E50E-4C77-A3E2-DA4785EAD068}"
EndProject
Global
	GlobalSection(SolutionConfigurationPlatforms) = preSolution
		Debug|x64 = Debug|x64
		Debug|x86 = Debug|x86
		Release|x64 = Release|x64
		Release|x86 = Release|x86
	EndGlobalSection
	GlobalSection(ProjectConfigurationPlatforms) = postSolution
		{650B4E23-A270-4E02-9497-0481216055AE}.Debug|x64.ActiveCfg = Debug|x64
		{650B4E23-A270-4E02-9497-0481216055AE}.Debug|x64.Build.0 = Debug|x64
		{650B4E23-A270-4E02-9497-0481216055AE}.Debug|x86.ActiveCfg = Debug|Win32
		{650B4E23-A270-4E02-9497-0481216055AE}.Debug|x86.Build.0 = Debug|Win32
		{650B4E23-A270-4E02-9497-0481216055AE}.Release|x64.ActiveCfg = Release|x64
		{650B4E23-A270-4E02-9497-0481216055AE}.Release|x64.Build.0 = Release|x64
		{650B4E23-A270-4E02-9497-0481216055AE}.Release|x86.ActiveCfg = Release|Win32
		{650B4E23-A270-4E02-9497-0481216055AE}.Release|x86.Build.0 = Release|Win32
		{8189C5B4-F4B8-415B-A8F7-DAB9BC3503A2}.Debug|x64.ActiveCfg = Debug|x64
		{8189C5B4-F4B8-415B-A8F7-DAB9BC3503A2}.Debug|x64.Build.0 = Debug|x64
		{8189C5B4-F4B8-415B-A8F7-DAB9BC3503A2}.Debug|x86.ActiveCfg = Debug|Win32
		{8189C5B4-F4B8-415B-A8F7-DAB9BC3503A2}.Debug|x86.Build.0 = Debug|Win32
		{8189C5B4-F4B8-415B-A8F7-DAB9BC3503A2}.Release|x64.ActiveCfg = Release|x64
		{8189C5B4-F4B8-415B-A8F7-DAB9BC3503A2}.Release|x64.Build.0 = Release|x64
		{8189C5B4-F4B8-415B-A8F7-DAB9BC3503A2}.Release|x86.ActiveCfg = Release|Win32
		{8189C5B4-F4B8-415B-A8F7-DAB9BC3503A2}.Release|x86.Build.0 = Release|Win32
		{AAA04842-48BB-4597-8065-4CE331D8F3B3}.Debug|x64.ActiveCfg = Debug|x64
		{AAA04842-48BB-4597-8065-4CE331D8F3B3}.Debug|x64.Build.0 = Debug|x64
		{AAA04842-48BB-4597-8065-4CE331D8F3B3}.Debug|x86.ActiveCfg = Debug|Win32
		{AAA04842-48BB-4597-8065-4CE331D8F3B3}.Debug|x86.Build.0 = Debug|Win32
		{AAA04842-48BB-4597-8065-4CE331D8F3B3}.Release|x64.ActiveCfg = Release|x64
		{AAA04842-48BB-4597-8065-4CE331D8F3B3}.Release|x64.Build.0 = Release|x64
		{AAA04842-48BB-4597-8065-4CE331D8F3B3}.Release|x86.ActiveCfg = Release|Win32
		{AAA04842-48BB-4597-8065-4CE331D8F3B3}.Release|x86.Build.0 = Release|Win32
		{512DC6B5-158D-4057-9D77-D11241F905B9}.Debug|x64.ActiveCfg = Debug|x64
		{512DC6B5-158D-4057-9D77-D11241F905B9}.Debug|x64.Build.0 = Debug|x64
		{512DC6B5-158D-4057-9D77-D11241F905B9}.Debug|x86.ActiveCfg = Debug|Win32
		{512DC6B5-158D-4057-9D77-D11241F905B9}.Debug|x86.Build.0 = Debug|Win32
		{512DC6B5-158D-4057-9D77-D11241F905B9}.Release|x64.ActiveCfg = Release|x64
		{512DC6B5-158D-4057-9D77-D11241F905B9}.Release|x64.Build.0 = Release|x64
		{512DC6B5-158D-4057-9D77-D11241F905B9}.Release|x86.ActiveCfg = Release|Win32
		{512DC6B5-158D-4057-9D77-D11241F905B9}.Release|x86.Build.0 = Release|Win32
		{0A502D02-22F5-402D-9754-B53AADCAB713}.Debug|x64.ActiveCfg = Debug|x64
		{0A502D02-22F5-402D-9754-B53AADCAB713}.Debug|x64.Build.0 = Debug|x64
		{0A502D02-22F5-402D-9754-B53AADCAB713}.Debug|x86.ActiveCfg = Debug|Win32
		{0A502D02-22F5-402D-9754-B53AADCAB713}.Debug|x86.Build.0 = Debug|Win32
		{0A502D02-22F5-402D-9754-B53AADCAB713}.Release|x64.ActiveCfg = Release|x64
		{0A502D02-22F5-402D-9754-B53AADCAB713}.Release|x64.Build.0 = Release|x64
		{0A502D02-22F5-402D-9754-B53AADCAB713}.Release|x86.ActiveCfg = Release|Win32
		{0A502D02-22F5-402D-9754-B53AADCAB713}.Release|x86.Build.0 = Release|Win32
		{0C026399-70EB-4B2F-A47A-A46C8947CF35}.Debug|x64.ActiveCfg = Debug|x64
		{0C026399-70EB-4B2F-A47A-A46C8947CF35}.Debug|x64.Build.0 = Debug|x64
		{0C026399-70EB-4B2F-A47A-A46C8947CF35}.Debug|x86.ActiveCfg = Debug|Win32
		{0C026399-70EB-4B2F-A47A-A46C8947CF35}.Debug|x86.Build.0 = Debug|Win32
		{0C026399-70EB-4B2F-A47A-A46C8947CF35}.Release|x64.ActiveCfg = Release|x64
		{0C026399-70EB-4B2F-A47A-A46C8947CF35}.Release|x64.Build.0 = Release|x64
		{0C026399-70EB-4B2F-A47A-A46C8947CF35}.Release|x86.ActiveCfg = Release|Win32
		{0C026399-70EB-4B2F-A47A-A46C8947CF35}.Release|x86.Build.0 = Release|Win32
		{962BB54D-77A5-405E-BB01-8A5BACD8266D}.Debug|x64.ActiveCfg = Debug|x64
		{962BB54D-77A5-405E-BB01-8A5BACD8266D}.Debug|x64.Build.0 = Debug|x64
		{962BB54D-77A5-405E-BB01-8A5BACD8266D}.Debug|x86.ActiveCfg = Debug|Win32
		{962BB54D-77A5-405E-BB01-8A5BACD8266D}.Debug|x86.Build.0 = Debug|Win32
		{962BB54D-77A5-405E-BB01-8A5BACD8266D}.Release|x64.ActiveCfg = Release|x64
		{962BB54D-77A5-405E-BB01-8A5BACD8266D}.Release|x64.Build.0 = Release|x64
		{962BB54D-77A5-405E-BB01-8A5BACD8266D}.Release|x86.ActiveCfg = Release|Win32
		{962BB54D-77A5-405E-BB01-8A5BACD8266D}.Release|x86.Build.0 = Release|Win32
		{433785DA-E50E-4C77-A3E2-DA4785EAD068}.Debug|x64.ActiveCfg = Debug|x64
		{433785DA-E50E-4C77-A3E2-DA4785EAD068}.Debug|x64.Build.0 = Debug|x64
		{433785DA-E50E-4C77-A3E2-DA4785EAD068}.Debug|x86.ActiveCfg = Debug|Win32
		{433785DA-E50E-4C77-A3E2-DA4785EAD068}.Debug|x86.Build.0 = Debug|Win32
		{433785DA-E50E-4C77-A3E2-DA4785EAD068}.Release|x64.ActiveCfg = Release|x64
		{433785DA-E50E-4C77-A3E2-DA4785EAD068}.Release|x64.Build.0 = Release|x64
		{433785DA-E50E-4C77-A3E2-DA4785EAD068}.Release|x86.ActiveCfg = Release|Win32
		{433785DA-E50E-4C77-A3E2-DA4785EAD068}.Release|x86.Build.0 = Release|Win32
	EndGlobalSection
	GlobalSection(SolutionProperties) = preSolution
		HideSolutionNode = FALSE
	EndGlobalSection
	GlobalSection(NestedProjects) = preSolution
		{650B4E23-A270-4E02-9497-0481216055AE} = {CBA64B60-EC3D-4CA7-B1F3-C15D193C9B71}
		{8189C5B4-F4B8-415B-A8F7-DAB9BC3503A2} = {CBA64B60-EC3D-4CA7-B1F3-C15D193C9B71}
		{AAA04842-48BB-4597-8065-4CE331D8F3B3} = {CBA64B60-EC3D-4CA7-B1F3-C15D193C9B71}
		{512DC6B5-158D-4057-9D77-D11241F905B9} = {CBA64B60-EC3D-4CA7-B1F3-C15D193C9B71}
		{0A502D02-22F5-402D-9754-B53AADCAB713} = {65B58B20-AEEB-4DBD-BBC4-D5A73DB0CE9E}
		{0C026399-70EB-4B2F-A47A-A46C8947CF35} = {65B58B20-AEEB-4DBD-BBC4-D5A73DB0CE9E}
		{962BB54D-77A5-405E-BB01-8A5BACD8266D} = {65B58B20-AEEB-4DBD-BBC4-D5A73DB0CE9E}
		{433785DA-E50E-4C77-A3E2-DA4785EAD068} = {65B58B20-AEEB-4DBD-BBC4-D5A73DB0CE9E}
	EndGlobalSection
	GlobalSection(ExtensibilityGlobals) = postSolution
		SolutionGuid = {0811DF8D-8378-462E-B2A4-F3985A4F6411}
	EndGlobalSection
EndGlobal
