
Microsoft Visual Studio Solution File, Format Version 12.00
# Visual Studio Version 17
VisualStudioVersion = 17.0.32014.148
MinimumVisualStudioVersion = 10.0.40219.1
Project("{2150E333-8FDC-42A3-9474-1A3956D46DE8}") = "Chapter02", "Chapter02", "{CBA64B60-EC3D-4CA7-B1F3-C15D193C9B71}"
EndProject
Project("{8BC9CEB8-8B4A-11D0-8D11-00A0C91BC942}") = "HelloWorld", "HelloWorld\HelloWorld.vcxproj", "{650B4E23-A270-4E02-9497-0481216055AE}"
EndProject
Project("{8BC9CEB8-8B4A-11D0-8D11-00A0C91BC942}") = "HelloWorldAgain", "HelloWorldAgain\HelloWorldAgain.vcxproj", "{8189C5B4-F4B8-415B-A8F7-DAB9BC3503A2}"
EndProject
Project("{8BC9CEB8-8B4A-11D0-8D11-00A0C91BC942}") = "HelloWorldArgs", "HelloWorldArgs\HelloWorldArgs.vcxproj", "{AAA04842-48BB-4597-8065-4CE331D8F3B3}"
EndProject
Project("{8BC9CEB8-8B4A-11D0-8D11-00A0C91BC942}") = "printf", "printf\printf.vcxproj", "{512DC6B5-158D-4057-9D77-D11241F905B9}"
EndProject
Project("{2150E333-8FDC-42A3-9474-1A3956D46DE8}") = "Chapter03", "Chapter03", "{65B58B20-AEEB-4DBD-BBC4-D5A73DB0CE9E}"
EndProject
Project("{8BC9CEB8-8B4A-11D0-8D11-00A0C91BC942}") = "01_Calc", "01_Calc\01_Calc.vcxproj", "{0A502D02-22F5-402D-9754-B53AADCAB713}"
EndProject
Project("{8BC9CEB8-8B4A-11D0-8D11-00A0C91BC942}") = "02_Calc", "02_Calc\02_Calc.vcxproj", "{0C026399-70EB-4B2F-A47A-A46C8947CF35}"
EndProject
Project("{8BC9CEB8-8B4A-11D0-8D11-00A0C91BC942}") = "03_Calc", "03_Calc\03_Calc.vcxproj", "{962BB54D-77A5-405E-BB01-8A5BACD8266D}"
EndProject
Project("{8BC9CEB8-8B4A-11D0-8D11-00A0C91BC942}") = "NamingConventions", "NamingConventions\NamingConventions.vcxproj", "{433785DA-E50E-4C77-A3E2-DA4785EAD068}"
EndProject
Project("{2150E333-8FDC-42A3-9474-1A3956D46DE8}") = "Chapter04", "Chapter04", "{AD8E8954-9078-4221-AE35-0AF5831E676C}"
EndProject
Project("{8BC9CEB8-8B4A-11D0-8D11-00A0C91BC942}") = "GetInput", "GetInput\GetInput.vcxproj", "{9FF56249-C5B2-4B4B-B2E9-260B04E6CE22}"
EndProject
Project("{8BC9CEB8-8B4A-11D0-8D11-00A0C91BC942}") = "LogicalOperators", "LogicalOperators\LogicalOperators.vcxproj", "{C9E5C62D-B94E-4F9F-9716-3679CB75E480}"
EndProject
Project("{8BC9CEB8-8B4A-11D0-8D11-00A0C91BC942}") = "Operators", "Operators\Operators.vcxproj", "{6F555763-D5E1-43FF-92DC-AB1E58A070B3}"
EndProject
Project("{8BC9CEB8-8B4A-11D0-8D11-00A0C91BC942}") = "ReadLine", "ReadLine\ReadLine.vcxproj", "{5C73C313-CD76-4100-8398-B0704BE8F0F0}"
EndProject
Project("{8BC9CEB8-8B4A-11D0-8D11-00A0C91BC942}") = "TestAge1", "TestAge1\TestAge1.vcxproj", "{50F5E99D-00C3-401B-9616-234EAC0D88FC}"
EndProject
Project("{8BC9CEB8-8B4A-11D0-8D11-00A0C91BC942}") = "TestAge2", "TestAge2\TestAge2.vcxproj", "{C9672747-22C7-4DD7-B4E8-1462C039DBF3}"
EndProject
Project("{2150E333-8FDC-42A3-9474-1A3956D46DE8}") = "Chapter05", "Chapter05", "{07864269-DC36-4981-83F7-F53E189F4337}"
EndProject
Project("{2150E333-8FDC-42A3-9474-1A3956D46DE8}") = "Chapter06", "Chapter06", "{FC74EC89-A7A1-416C-BD21-4517FEA3F025}"
EndProject
Project("{8BC9CEB8-8B4A-11D0-8D11-00A0C91BC942}") = "Functions", "Functions\Functions.vcxproj", "{63469563-B39B-4643-949B-51F5F5A13DB3}"
EndProject
Project("{8BC9CEB8-8B4A-11D0-8D11-00A0C91BC942}") = "SwitchCase", "SwitchCase\SwitchCase.vcxproj", "{FF85B06B-D2F1-4080-8EDA-A5139F364143}"
EndProject
Project("{8BC9CEB8-8B4A-11D0-8D11-00A0C91BC942}") = "Arrays", "Arrays\Arrays.vcxproj", "{FB492EC2-7288-41DE-B531-EC96439624D3}"
EndProject
Project("{8BC9CEB8-8B4A-11D0-8D11-00A0C91BC942}") = "BreakAndContinue", "BreakAndContinue\BreakAndContinue.vcxproj", "{F36D1EA7-AC44-4F74-9550-189CEF22E0AD}"
EndProject
Project("{8BC9CEB8-8B4A-11D0-8D11-00A0C91BC942}") = "MultiDimensionArrays", "MultiDimensionArrays\MultiDimensionArrays.vcxproj", "{05BEBDEF-FCD4-4CC8-890B-37038481778A}"
EndProject
Project("{2150E333-8FDC-42A3-9474-1A3956D46DE8}") = "Chapter07", "Chapter07", "{17E03783-0BDB-4DDC-8DB2-C2C78D04C3E2}"
EndProject
Project("{2150E333-8FDC-42A3-9474-1A3956D46DE8}") = "Chapter08", "Chapter08", "{8279C9E7-003B-4B9F-8E41-A8B33729ACCC}"
EndProject
Project("{2150E333-8FDC-42A3-9474-1A3956D46DE8}") = "Chapter09", "Chapter09", "{E46FEF9A-BDA2-4EE6-8DC2-13EA545ACA1C}"
EndProject
Project("{2150E333-8FDC-42A3-9474-1A3956D46DE8}") = "Chapter10", "Chapter10", "{96829F21-D31A-4456-A017-5538A0447B14}"
EndProject
Project("{8BC9CEB8-8B4A-11D0-8D11-00A0C91BC942}") = "CharFunctions", "CharFunctions\CharFunctions.vcxproj", "{85A59F88-2C81-4839-8865-4DF252DE6603}"
EndProject
Project("{8BC9CEB8-8B4A-11D0-8D11-00A0C91BC942}") = "ReturnStrings", "ReturnStrings\ReturnStrings.vcxproj", "{8A286203-50F4-4076-8669-BC6B56284A62}"
EndProject
Project("{8BC9CEB8-8B4A-11D0-8D11-00A0C91BC942}") = "StringFunctions", "StringFunctions\StringFunctions.vcxproj", "{86DC4018-FBBE-4A0C-8AF4-178B32DE83E6}"
EndProject
Project("{8BC9CEB8-8B4A-11D0-8D11-00A0C91BC942}") = "StringIndex", "StringIndex\StringIndex.vcxproj", "{C5EDF940-95F3-4762-AE44-8E0BE174F4B8}"
EndProject
Project("{8BC9CEB8-8B4A-11D0-8D11-00A0C91BC942}") = "StringsAndAddresses", "StringsAndAddresses\StringsAndAddresses.vcxproj", "{A05AA6EF-D4BE-47F4-8F77-6607B3A434ED}"
EndProject
Project("{8BC9CEB8-8B4A-11D0-8D11-00A0C91BC942}") = "StringsAndPointers", "StringsAndPointers\StringsAndPointers.vcxproj", "{F88E1736-7F05-473F-9EBD-EFBF675DF4D9}"
EndProject
Project("{8BC9CEB8-8B4A-11D0-8D11-00A0C91BC942}") = "Enums", "Enums\Enums.vcxproj", "{EFFD0D57-B536-4F6B-9D52-5BA3F16041DB}"
EndProject
Project("{8BC9CEB8-8B4A-11D0-8D11-00A0C91BC942}") = "HeaderFiles", "HeaderFiles\HeaderFiles.vcxproj", "{F1E7AE91-3923-459F-88C8-B4654C575367}"
EndProject
Project("{8BC9CEB8-8B4A-11D0-8D11-00A0C91BC942}") = "Scope", "Scope\Scope.vcxproj", "{C05420A1-2EC1-45E7-87FA-F47A4CE42DFC}"
EndProject
Project("{8BC9CEB8-8B4A-11D0-8D11-00A0C91BC942}") = "Structs", "Structs\Structs.vcxproj", "{6D0E8640-632C-438D-94BD-3A75F8762751}"
EndProject
Project("{8BC9CEB8-8B4A-11D0-8D11-00A0C91BC942}") = "Typedefs", "Typedefs\Typedefs.vcxproj", "{56564172-163E-4116-85B6-4E2DBA16B773}"
EndProject
Project("{8BC9CEB8-8B4A-11D0-8D11-00A0C91BC942}") = "FileBasics", "FileBasics\FileBasics.vcxproj", "{046DBCA3-24C4-4667-8BD7-28FD63459885}"
EndProject
Project("{8BC9CEB8-8B4A-11D0-8D11-00A0C91BC942}") = "FileSearchStr", "FileSearchStr\FileSearchStr.vcxproj", "{4DA3A4A8-E51F-4A52-8E78-025740FBE0E2}"
EndProject
Project("{8BC9CEB8-8B4A-11D0-8D11-00A0C91BC942}") = "FileStats", "FileStats\FileStats.vcxproj", "{E7F239C4-08A0-43B0-B868-8432852AE831}"
EndProject
Project("{8BC9CEB8-8B4A-11D0-8D11-00A0C91BC942}") = "CDdatabase", "CDdatabase\CDdatabase.vcxproj", "{AFCEB2E9-7DC9-4BDA-94DB-9C2FB41A41D2}"
EndProject
Project("{8BC9CEB8-8B4A-11D0-8D11-00A0C91BC942}") = "ReadFile", "ReadFile\ReadFile.vcxproj", "{D7E7CFC4-B6CF-498D-B421-DB044934E6D9}"
EndProject
Global
	GlobalSection(SolutionConfigurationPlatforms) = preSolution
		Debug|x64 = Debug|x64
		Debug|x86 = Debug|x86
		Release|x64 = Release|x64
		Release|x86 = Release|x86
	EndGlobalSection
	GlobalSection(ProjectConfigurationPlatforms) = postSolution
		{650B4E23-A270-4E02-9497-0481216055AE}.Debug|x64.ActiveCfg = Debug|x64
		{650B4E23-A270-4E02-9497-0481216055AE}.Debug|x64.Build.0 = Debug|x64
		{650B4E23-A270-4E02-9497-0481216055AE}.Debug|x86.ActiveCfg = Debug|Win32
		{650B4E23-A270-4E02-9497-0481216055AE}.Debug|x86.Build.0 = Debug|Win32
		{650B4E23-A270-4E02-9497-0481216055AE}.Release|x64.ActiveCfg = Release|x64
		{650B4E23-A270-4E02-9497-0481216055AE}.Release|x64.Build.0 = Release|x64
		{650B4E23-A270-4E02-9497-0481216055AE}.Release|x86.ActiveCfg = Release|Win32
		{650B4E23-A270-4E02-9497-0481216055AE}.Release|x86.Build.0 = Release|Win32
		{8189C5B4-F4B8-415B-A8F7-DAB9BC3503A2}.Debug|x64.ActiveCfg = Debug|x64
		{8189C5B4-F4B8-415B-A8F7-DAB9BC3503A2}.Debug|x64.Build.0 = Debug|x64
		{8189C5B4-F4B8-415B-A8F7-DAB9BC3503A2}.Debug|x86.ActiveCfg = Debug|Win32
		{8189C5B4-F4B8-415B-A8F7-DAB9BC3503A2}.Debug|x86.Build.0 = Debug|Win32
		{8189C5B4-F4B8-415B-A8F7-DAB9BC3503A2}.Release|x64.ActiveCfg = Release|x64
		{8189C5B4-F4B8-415B-A8F7-DAB9BC3503A2}.Release|x64.Build.0 = Release|x64
		{8189C5B4-F4B8-415B-A8F7-DAB9BC3503A2}.Release|x86.ActiveCfg = Release|Win32
		{8189C5B4-F4B8-415B-A8F7-DAB9BC3503A2}.Release|x86.Build.0 = Release|Win32
		{AAA04842-48BB-4597-8065-4CE331D8F3B3}.Debug|x64.ActiveCfg = Debug|x64
		{AAA04842-48BB-4597-8065-4CE331D8F3B3}.Debug|x64.Build.0 = Debug|x64
		{AAA04842-48BB-4597-8065-4CE331D8F3B3}.Debug|x86.ActiveCfg = Debug|Win32
		{AAA04842-48BB-4597-8065-4CE331D8F3B3}.Debug|x86.Build.0 = Debug|Win32
		{AAA04842-48BB-4597-8065-4CE331D8F3B3}.Release|x64.ActiveCfg = Release|x64
		{AAA04842-48BB-4597-8065-4CE331D8F3B3}.Release|x64.Build.0 = Release|x64
		{AAA04842-48BB-4597-8065-4CE331D8F3B3}.Release|x86.ActiveCfg = Release|Win32
		{AAA04842-48BB-4597-8065-4CE331D8F3B3}.Release|x86.Build.0 = Release|Win32
		{512DC6B5-158D-4057-9D77-D11241F905B9}.Debug|x64.ActiveCfg = Debug|x64
		{512DC6B5-158D-4057-9D77-D11241F905B9}.Debug|x64.Build.0 = Debug|x64
		{512DC6B5-158D-4057-9D77-D11241F905B9}.Debug|x86.ActiveCfg = Debug|Win32
		{512DC6B5-158D-4057-9D77-D11241F905B9}.Debug|x86.Build.0 = Debug|Win32
		{512DC6B5-158D-4057-9D77-D11241F905B9}.Release|x64.ActiveCfg = Release|x64
		{512DC6B5-158D-4057-9D77-D11241F905B9}.Release|x64.Build.0 = Release|x64
		{512DC6B5-158D-4057-9D77-D11241F905B9}.Release|x86.ActiveCfg = Release|Win32
		{512DC6B5-158D-4057-9D77-D11241F905B9}.Release|x86.Build.0 = Release|Win32
		{0A502D02-22F5-402D-9754-B53AADCAB713}.Debug|x64.ActiveCfg = Debug|x64
		{0A502D02-22F5-402D-9754-B53AADCAB713}.Debug|x64.Build.0 = Debug|x64
		{0A502D02-22F5-402D-9754-B53AADCAB713}.Debug|x86.ActiveCfg = Debug|Win32
		{0A502D02-22F5-402D-9754-B53AADCAB713}.Debug|x86.Build.0 = Debug|Win32
		{0A502D02-22F5-402D-9754-B53AADCAB713}.Release|x64.ActiveCfg = Release|x64
		{0A502D02-22F5-402D-9754-B53AADCAB713}.Release|x64.Build.0 = Release|x64
		{0A502D02-22F5-402D-9754-B53AADCAB713}.Release|x86.ActiveCfg = Release|Win32
		{0A502D02-22F5-402D-9754-B53AADCAB713}.Release|x86.Build.0 = Release|Win32
		{0C026399-70EB-4B2F-A47A-A46C8947CF35}.Debug|x64.ActiveCfg = Debug|x64
		{0C026399-70EB-4B2F-A47A-A46C8947CF35}.Debug|x64.Build.0 = Debug|x64
		{0C026399-70EB-4B2F-A47A-A46C8947CF35}.Debug|x86.ActiveCfg = Debug|Win32
		{0C026399-70EB-4B2F-A47A-A46C8947CF35}.Debug|x86.Build.0 = Debug|Win32
		{0C026399-70EB-4B2F-A47A-A46C8947CF35}.Release|x64.ActiveCfg = Release|x64
		{0C026399-70EB-4B2F-A47A-A46C8947CF35}.Release|x64.Build.0 = Release|x64
		{0C026399-70EB-4B2F-A47A-A46C8947CF35}.Release|x86.ActiveCfg = Release|Win32
		{0C026399-70EB-4B2F-A47A-A46C8947CF35}.Release|x86.Build.0 = Release|Win32
		{962BB54D-77A5-405E-BB01-8A5BACD8266D}.Debug|x64.ActiveCfg = Debug|x64
		{962BB54D-77A5-405E-BB01-8A5BACD8266D}.Debug|x64.Build.0 = Debug|x64
		{962BB54D-77A5-405E-BB01-8A5BACD8266D}.Debug|x86.ActiveCfg = Debug|Win32
		{962BB54D-77A5-405E-BB01-8A5BACD8266D}.Debug|x86.Build.0 = Debug|Win32
		{962BB54D-77A5-405E-BB01-8A5BACD8266D}.Release|x64.ActiveCfg = Release|x64
		{962BB54D-77A5-405E-BB01-8A5BACD8266D}.Release|x64.Build.0 = Release|x64
		{962BB54D-77A5-405E-BB01-8A5BACD8266D}.Release|x86.ActiveCfg = Release|Win32
		{962BB54D-77A5-405E-BB01-8A5BACD8266D}.Release|x86.Build.0 = Release|Win32
		{433785DA-E50E-4C77-A3E2-DA4785EAD068}.Debug|x64.ActiveCfg = Debug|x64
		{433785DA-E50E-4C77-A3E2-DA4785EAD068}.Debug|x64.Build.0 = Debug|x64
		{433785DA-E50E-4C77-A3E2-DA4785EAD068}.Debug|x86.ActiveCfg = Debug|Win32
		{433785DA-E50E-4C77-A3E2-DA4785EAD068}.Debug|x86.Build.0 = Debug|Win32
		{433785DA-E50E-4C77-A3E2-DA4785EAD068}.Release|x64.ActiveCfg = Release|x64
		{433785DA-E50E-4C77-A3E2-DA4785EAD068}.Release|x64.Build.0 = Release|x64
		{433785DA-E50E-4C77-A3E2-DA4785EAD068}.Release|x86.ActiveCfg = Release|Win32
		{433785DA-E50E-4C77-A3E2-DA4785EAD068}.Release|x86.Build.0 = Release|Win32
		{9FF56249-C5B2-4B4B-B2E9-260B04E6CE22}.Debug|x64.ActiveCfg = Debug|x64
		{9FF56249-C5B2-4B4B-B2E9-260B04E6CE22}.Debug|x64.Build.0 = Debug|x64
		{9FF56249-C5B2-4B4B-B2E9-260B04E6CE22}.Debug|x86.ActiveCfg = Debug|Win32
		{9FF56249-C5B2-4B4B-B2E9-260B04E6CE22}.Debug|x86.Build.0 = Debug|Win32
		{9FF56249-C5B2-4B4B-B2E9-260B04E6CE22}.Release|x64.ActiveCfg = Release|x64
		{9FF56249-C5B2-4B4B-B2E9-260B04E6CE22}.Release|x64.Build.0 = Release|x64
		{9FF56249-C5B2-4B4B-B2E9-260B04E6CE22}.Release|x86.ActiveCfg = Release|Win32
		{9FF56249-C5B2-4B4B-B2E9-260B04E6CE22}.Release|x86.Build.0 = Release|Win32
		{C9E5C62D-B94E-4F9F-9716-3679CB75E480}.Debug|x64.ActiveCfg = Debug|x64
		{C9E5C62D-B94E-4F9F-9716-3679CB75E480}.Debug|x64.Build.0 = Debug|x64
		{C9E5C62D-B94E-4F9F-9716-3679CB75E480}.Debug|x86.ActiveCfg = Debug|Win32
		{C9E5C62D-B94E-4F9F-9716-3679CB75E480}.Debug|x86.Build.0 = Debug|Win32
		{C9E5C62D-B94E-4F9F-9716-3679CB75E480}.Release|x64.ActiveCfg = Release|x64
		{C9E5C62D-B94E-4F9F-9716-3679CB75E480}.Release|x64.Build.0 = Release|x64
		{C9E5C62D-B94E-4F9F-9716-3679CB75E480}.Release|x86.ActiveCfg = Release|Win32
		{C9E5C62D-B94E-4F9F-9716-3679CB75E480}.Release|x86.Build.0 = Release|Win32
		{6F555763-D5E1-43FF-92DC-AB1E58A070B3}.Debug|x64.ActiveCfg = Debug|x64
		{6F555763-D5E1-43FF-92DC-AB1E58A070B3}.Debug|x64.Build.0 = Debug|x64
		{6F555763-D5E1-43FF-92DC-AB1E58A070B3}.Debug|x86.ActiveCfg = Debug|Win32
		{6F555763-D5E1-43FF-92DC-AB1E58A070B3}.Debug|x86.Build.0 = Debug|Win32
		{6F555763-D5E1-43FF-92DC-AB1E58A070B3}.Release|x64.ActiveCfg = Release|x64
		{6F555763-D5E1-43FF-92DC-AB1E58A070B3}.Release|x64.Build.0 = Release|x64
		{6F555763-D5E1-43FF-92DC-AB1E58A070B3}.Release|x86.ActiveCfg = Release|Win32
		{6F555763-D5E1-43FF-92DC-AB1E58A070B3}.Release|x86.Build.0 = Release|Win32
		{5C73C313-CD76-4100-8398-B0704BE8F0F0}.Debug|x64.ActiveCfg = Debug|x64
		{5C73C313-CD76-4100-8398-B0704BE8F0F0}.Debug|x64.Build.0 = Debug|x64
		{5C73C313-CD76-4100-8398-B0704BE8F0F0}.Debug|x86.ActiveCfg = Debug|Win32
		{5C73C313-CD76-4100-8398-B0704BE8F0F0}.Debug|x86.Build.0 = Debug|Win32
		{5C73C313-CD76-4100-8398-B0704BE8F0F0}.Release|x64.ActiveCfg = Release|x64
		{5C73C313-CD76-4100-8398-B0704BE8F0F0}.Release|x64.Build.0 = Release|x64
		{5C73C313-CD76-4100-8398-B0704BE8F0F0}.Release|x86.ActiveCfg = Release|Win32
		{5C73C313-CD76-4100-8398-B0704BE8F0F0}.Release|x86.Build.0 = Release|Win32
		{50F5E99D-00C3-401B-9616-234EAC0D88FC}.Debug|x64.ActiveCfg = Debug|x64
		{50F5E99D-00C3-401B-9616-234EAC0D88FC}.Debug|x64.Build.0 = Debug|x64
		{50F5E99D-00C3-401B-9616-234EAC0D88FC}.Debug|x86.ActiveCfg = Debug|Win32
		{50F5E99D-00C3-401B-9616-234EAC0D88FC}.Debug|x86.Build.0 = Debug|Win32
		{50F5E99D-00C3-401B-9616-234EAC0D88FC}.Release|x64.ActiveCfg = Release|x64
		{50F5E99D-00C3-401B-9616-234EAC0D88FC}.Release|x64.Build.0 = Release|x64
		{50F5E99D-00C3-401B-9616-234EAC0D88FC}.Release|x86.ActiveCfg = Release|Win32
		{50F5E99D-00C3-401B-9616-234EAC0D88FC}.Release|x86.Build.0 = Release|Win32
		{C9672747-22C7-4DD7-B4E8-1462C039DBF3}.Debug|x64.ActiveCfg = Debug|x64
		{C9672747-22C7-4DD7-B4E8-1462C039DBF3}.Debug|x64.Build.0 = Debug|x64
		{C9672747-22C7-4DD7-B4E8-1462C039DBF3}.Debug|x86.ActiveCfg = Debug|Win32
		{C9672747-22C7-4DD7-B4E8-1462C039DBF3}.Debug|x86.Build.0 = Debug|Win32
		{C9672747-22C7-4DD7-B4E8-1462C039DBF3}.Release|x64.ActiveCfg = Release|x64
		{C9672747-22C7-4DD7-B4E8-1462C039DBF3}.Release|x64.Build.0 = Release|x64
		{C9672747-22C7-4DD7-B4E8-1462C039DBF3}.Release|x86.ActiveCfg = Release|Win32
		{C9672747-22C7-4DD7-B4E8-1462C039DBF3}.Release|x86.Build.0 = Release|Win32
		{63469563-B39B-4643-949B-51F5F5A13DB3}.Debug|x64.ActiveCfg = Debug|x64
		{63469563-B39B-4643-949B-51F5F5A13DB3}.Debug|x64.Build.0 = Debug|x64
		{63469563-B39B-4643-949B-51F5F5A13DB3}.Debug|x86.ActiveCfg = Debug|Win32
		{63469563-B39B-4643-949B-51F5F5A13DB3}.Debug|x86.Build.0 = Debug|Win32
		{63469563-B39B-4643-949B-51F5F5A13DB3}.Release|x64.ActiveCfg = Release|x64
		{63469563-B39B-4643-949B-51F5F5A13DB3}.Release|x64.Build.0 = Release|x64
		{63469563-B39B-4643-949B-51F5F5A13DB3}.Release|x86.ActiveCfg = Release|Win32
		{63469563-B39B-4643-949B-51F5F5A13DB3}.Release|x86.Build.0 = Release|Win32
		{FF85B06B-D2F1-4080-8EDA-A5139F364143}.Debug|x64.ActiveCfg = Debug|x64
		{FF85B06B-D2F1-4080-8EDA-A5139F364143}.Debug|x64.Build.0 = Debug|x64
		{FF85B06B-D2F1-4080-8EDA-A5139F364143}.Debug|x86.ActiveCfg = Debug|Win32
		{FF85B06B-D2F1-4080-8EDA-A5139F364143}.Debug|x86.Build.0 = Debug|Win32
		{FF85B06B-D2F1-4080-8EDA-A5139F364143}.Release|x64.ActiveCfg = Release|x64
		{FF85B06B-D2F1-4080-8EDA-A5139F364143}.Release|x64.Build.0 = Release|x64
		{FF85B06B-D2F1-4080-8EDA-A5139F364143}.Release|x86.ActiveCfg = Release|Win32
		{FF85B06B-D2F1-4080-8EDA-A5139F364143}.Release|x86.Build.0 = Release|Win32
		{FB492EC2-7288-41DE-B531-EC96439624D3}.Debug|x64.ActiveCfg = Debug|x64
		{FB492EC2-7288-41DE-B531-EC96439624D3}.Debug|x64.Build.0 = Debug|x64
		{FB492EC2-7288-41DE-B531-EC96439624D3}.Debug|x86.ActiveCfg = Debug|Win32
		{FB492EC2-7288-41DE-B531-EC96439624D3}.Debug|x86.Build.0 = Debug|Win32
		{FB492EC2-7288-41DE-B531-EC96439624D3}.Release|x64.ActiveCfg = Release|x64
		{FB492EC2-7288-41DE-B531-EC96439624D3}.Release|x64.Build.0 = Release|x64
		{FB492EC2-7288-41DE-B531-EC96439624D3}.Release|x86.ActiveCfg = Release|Win32
		{FB492EC2-7288-41DE-B531-EC96439624D3}.Release|x86.Build.0 = Release|Win32
		{F36D1EA7-AC44-4F74-9550-189CEF22E0AD}.Debug|x64.ActiveCfg = Debug|x64
		{F36D1EA7-AC44-4F74-9550-189CEF22E0AD}.Debug|x64.Build.0 = Debug|x64
		{F36D1EA7-AC44-4F74-9550-189CEF22E0AD}.Debug|x86.ActiveCfg = Debug|Win32
		{F36D1EA7-AC44-4F74-9550-189CEF22E0AD}.Debug|x86.Build.0 = Debug|Win32
		{F36D1EA7-AC44-4F74-9550-189CEF22E0AD}.Release|x64.ActiveCfg = Release|x64
		{F36D1EA7-AC44-4F74-9550-189CEF22E0AD}.Release|x64.Build.0 = Release|x64
		{F36D1EA7-AC44-4F74-9550-189CEF22E0AD}.Release|x86.ActiveCfg = Release|Win32
		{F36D1EA7-AC44-4F74-9550-189CEF22E0AD}.Release|x86.Build.0 = Release|Win32
		{05BEBDEF-FCD4-4CC8-890B-37038481778A}.Debug|x64.ActiveCfg = Debug|x64
		{05BEBDEF-FCD4-4CC8-890B-37038481778A}.Debug|x64.Build.0 = Debug|x64
		{05BEBDEF-FCD4-4CC8-890B-37038481778A}.Debug|x86.ActiveCfg = Debug|Win32
		{05BEBDEF-FCD4-4CC8-890B-37038481778A}.Debug|x86.Build.0 = Debug|Win32
		{05BEBDEF-FCD4-4CC8-890B-37038481778A}.Release|x64.ActiveCfg = Release|x64
		{05BEBDEF-FCD4-4CC8-890B-37038481778A}.Release|x64.Build.0 = Release|x64
		{05BEBDEF-FCD4-4CC8-890B-37038481778A}.Release|x86.ActiveCfg = Release|Win32
		{05BEBDEF-FCD4-4CC8-890B-37038481778A}.Release|x86.Build.0 = Release|Win32
		{85A59F88-2C81-4839-8865-4DF252DE6603}.Debug|x64.ActiveCfg = Debug|x64
		{85A59F88-2C81-4839-8865-4DF252DE6603}.Debug|x64.Build.0 = Debug|x64
		{85A59F88-2C81-4839-8865-4DF252DE6603}.Debug|x86.ActiveCfg = Debug|Win32
		{85A59F88-2C81-4839-8865-4DF252DE6603}.Debug|x86.Build.0 = Debug|Win32
		{85A59F88-2C81-4839-8865-4DF252DE6603}.Release|x64.ActiveCfg = Release|x64
		{85A59F88-2C81-4839-8865-4DF252DE6603}.Release|x64.Build.0 = Release|x64
		{85A59F88-2C81-4839-8865-4DF252DE6603}.Release|x86.ActiveCfg = Release|Win32
		{85A59F88-2C81-4839-8865-4DF252DE6603}.Release|x86.Build.0 = Release|Win32
		{8A286203-50F4-4076-8669-BC6B56284A62}.Debug|x64.ActiveCfg = Debug|x64
		{8A286203-50F4-4076-8669-BC6B56284A62}.Debug|x64.Build.0 = Debug|x64
		{8A286203-50F4-4076-8669-BC6B56284A62}.Debug|x86.ActiveCfg = Debug|Win32
		{8A286203-50F4-4076-8669-BC6B56284A62}.Debug|x86.Build.0 = Debug|Win32
		{8A286203-50F4-4076-8669-BC6B56284A62}.Release|x64.ActiveCfg = Release|x64
		{8A286203-50F4-4076-8669-BC6B56284A62}.Release|x64.Build.0 = Release|x64
		{8A286203-50F4-4076-8669-BC6B56284A62}.Release|x86.ActiveCfg = Release|Win32
		{8A286203-50F4-4076-8669-BC6B56284A62}.Release|x86.Build.0 = Release|Win32
		{86DC4018-FBBE-4A0C-8AF4-178B32DE83E6}.Debug|x64.ActiveCfg = Debug|x64
		{86DC4018-FBBE-4A0C-8AF4-178B32DE83E6}.Debug|x64.Build.0 = Debug|x64
		{86DC4018-FBBE-4A0C-8AF4-178B32DE83E6}.Debug|x86.ActiveCfg = Debug|Win32
		{86DC4018-FBBE-4A0C-8AF4-178B32DE83E6}.Debug|x86.Build.0 = Debug|Win32
		{86DC4018-FBBE-4A0C-8AF4-178B32DE83E6}.Release|x64.ActiveCfg = Release|x64
		{86DC4018-FBBE-4A0C-8AF4-178B32DE83E6}.Release|x64.Build.0 = Release|x64
		{86DC4018-FBBE-4A0C-8AF4-178B32DE83E6}.Release|x86.ActiveCfg = Release|Win32
		{86DC4018-FBBE-4A0C-8AF4-178B32DE83E6}.Release|x86.Build.0 = Release|Win32
		{C5EDF940-95F3-4762-AE44-8E0BE174F4B8}.Debug|x64.ActiveCfg = Debug|x64
		{C5EDF940-95F3-4762-AE44-8E0BE174F4B8}.Debug|x64.Build.0 = Debug|x64
		{C5EDF940-95F3-4762-AE44-8E0BE174F4B8}.Debug|x86.ActiveCfg = Debug|Win32
		{C5EDF940-95F3-4762-AE44-8E0BE174F4B8}.Debug|x86.Build.0 = Debug|Win32
		{C5EDF940-95F3-4762-AE44-8E0BE174F4B8}.Release|x64.ActiveCfg = Release|x64
		{C5EDF940-95F3-4762-AE44-8E0BE174F4B8}.Release|x64.Build.0 = Release|x64
		{C5EDF940-95F3-4762-AE44-8E0BE174F4B8}.Release|x86.ActiveCfg = Release|Win32
		{C5EDF940-95F3-4762-AE44-8E0BE174F4B8}.Release|x86.Build.0 = Release|Win32
		{A05AA6EF-D4BE-47F4-8F77-6607B3A434ED}.Debug|x64.ActiveCfg = Debug|x64
		{A05AA6EF-D4BE-47F4-8F77-6607B3A434ED}.Debug|x64.Build.0 = Debug|x64
		{A05AA6EF-D4BE-47F4-8F77-6607B3A434ED}.Debug|x86.ActiveCfg = Debug|Win32
		{A05AA6EF-D4BE-47F4-8F77-6607B3A434ED}.Debug|x86.Build.0 = Debug|Win32
		{A05AA6EF-D4BE-47F4-8F77-6607B3A434ED}.Release|x64.ActiveCfg = Release|x64
		{A05AA6EF-D4BE-47F4-8F77-6607B3A434ED}.Release|x64.Build.0 = Release|x64
		{A05AA6EF-D4BE-47F4-8F77-6607B3A434ED}.Release|x86.ActiveCfg = Release|Win32
		{A05AA6EF-D4BE-47F4-8F77-6607B3A434ED}.Release|x86.Build.0 = Release|Win32
		{F88E1736-7F05-473F-9EBD-EFBF675DF4D9}.Debug|x64.ActiveCfg = Debug|x64
		{F88E1736-7F05-473F-9EBD-EFBF675DF4D9}.Debug|x64.Build.0 = Debug|x64
		{F88E1736-7F05-473F-9EBD-EFBF675DF4D9}.Debug|x86.ActiveCfg = Debug|Win32
		{F88E1736-7F05-473F-9EBD-EFBF675DF4D9}.Debug|x86.Build.0 = Debug|Win32
		{F88E1736-7F05-473F-9EBD-EFBF675DF4D9}.Release|x64.ActiveCfg = Release|x64
		{F88E1736-7F05-473F-9EBD-EFBF675DF4D9}.Release|x64.Build.0 = Release|x64
		{F88E1736-7F05-473F-9EBD-EFBF675DF4D9}.Release|x86.ActiveCfg = Release|Win32
		{F88E1736-7F05-473F-9EBD-EFBF675DF4D9}.Release|x86.Build.0 = Release|Win32
		{EFFD0D57-B536-4F6B-9D52-5BA3F16041DB}.Debug|x64.ActiveCfg = Debug|x64
		{EFFD0D57-B536-4F6B-9D52-5BA3F16041DB}.Debug|x64.Build.0 = Debug|x64
		{EFFD0D57-B536-4F6B-9D52-5BA3F16041DB}.Debug|x86.ActiveCfg = Debug|Win32
		{EFFD0D57-B536-4F6B-9D52-5BA3F16041DB}.Debug|x86.Build.0 = Debug|Win32
		{EFFD0D57-B536-4F6B-9D52-5BA3F16041DB}.Release|x64.ActiveCfg = Release|x64
		{EFFD0D57-B536-4F6B-9D52-5BA3F16041DB}.Release|x64.Build.0 = Release|x64
		{EFFD0D57-B536-4F6B-9D52-5BA3F16041DB}.Release|x86.ActiveCfg = Release|Win32
		{EFFD0D57-B536-4F6B-9D52-5BA3F16041DB}.Release|x86.Build.0 = Release|Win32
		{F1E7AE91-3923-459F-88C8-B4654C575367}.Debug|x64.ActiveCfg = Debug|x64
		{F1E7AE91-3923-459F-88C8-B4654C575367}.Debug|x64.Build.0 = Debug|x64
		{F1E7AE91-3923-459F-88C8-B4654C575367}.Debug|x86.ActiveCfg = Debug|Win32
		{F1E7AE91-3923-459F-88C8-B4654C575367}.Debug|x86.Build.0 = Debug|Win32
		{F1E7AE91-3923-459F-88C8-B4654C575367}.Release|x64.ActiveCfg = Release|x64
		{F1E7AE91-3923-459F-88C8-B4654C575367}.Release|x64.Build.0 = Release|x64
		{F1E7AE91-3923-459F-88C8-B4654C575367}.Release|x86.ActiveCfg = Release|Win32
		{F1E7AE91-3923-459F-88C8-B4654C575367}.Release|x86.Build.0 = Release|Win32
		{C05420A1-2EC1-45E7-87FA-F47A4CE42DFC}.Debug|x64.ActiveCfg = Debug|x64
		{C05420A1-2EC1-45E7-87FA-F47A4CE42DFC}.Debug|x64.Build.0 = Debug|x64
		{C05420A1-2EC1-45E7-87FA-F47A4CE42DFC}.Debug|x86.ActiveCfg = Debug|Win32
		{C05420A1-2EC1-45E7-87FA-F47A4CE42DFC}.Debug|x86.Build.0 = Debug|Win32
		{C05420A1-2EC1-45E7-87FA-F47A4CE42DFC}.Release|x64.ActiveCfg = Release|x64
		{C05420A1-2EC1-45E7-87FA-F47A4CE42DFC}.Release|x64.Build.0 = Release|x64
		{C05420A1-2EC1-45E7-87FA-F47A4CE42DFC}.Release|x86.ActiveCfg = Release|Win32
		{C05420A1-2EC1-45E7-87FA-F47A4CE42DFC}.Release|x86.Build.0 = Release|Win32
		{6D0E8640-632C-438D-94BD-3A75F8762751}.Debug|x64.ActiveCfg = Debug|x64
		{6D0E8640-632C-438D-94BD-3A75F8762751}.Debug|x64.Build.0 = Debug|x64
		{6D0E8640-632C-438D-94BD-3A75F8762751}.Debug|x86.ActiveCfg = Debug|Win32
		{6D0E8640-632C-438D-94BD-3A75F8762751}.Debug|x86.Build.0 = Debug|Win32
		{6D0E8640-632C-438D-94BD-3A75F8762751}.Release|x64.ActiveCfg = Release|x64
		{6D0E8640-632C-438D-94BD-3A75F8762751}.Release|x64.Build.0 = Release|x64
		{6D0E8640-632C-438D-94BD-3A75F8762751}.Release|x86.ActiveCfg = Release|Win32
		{6D0E8640-632C-438D-94BD-3A75F8762751}.Release|x86.Build.0 = Release|Win32
		{56564172-163E-4116-85B6-4E2DBA16B773}.Debug|x64.ActiveCfg = Debug|x64
		{56564172-163E-4116-85B6-4E2DBA16B773}.Debug|x64.Build.0 = Debug|x64
		{56564172-163E-4116-85B6-4E2DBA16B773}.Debug|x86.ActiveCfg = Debug|Win32
		{56564172-163E-4116-85B6-4E2DBA16B773}.Debug|x86.Build.0 = Debug|Win32
		{56564172-163E-4116-85B6-4E2DBA16B773}.Release|x64.ActiveCfg = Release|x64
		{56564172-163E-4116-85B6-4E2DBA16B773}.Release|x64.Build.0 = Release|x64
		{56564172-163E-4116-85B6-4E2DBA16B773}.Release|x86.ActiveCfg = Release|Win32
		{56564172-163E-4116-85B6-4E2DBA16B773}.Release|x86.Build.0 = Release|Win32
		{046DBCA3-24C4-4667-8BD7-28FD63459885}.Debug|x64.ActiveCfg = Debug|x64
		{046DBCA3-24C4-4667-8BD7-28FD63459885}.Debug|x64.Build.0 = Debug|x64
		{046DBCA3-24C4-4667-8BD7-28FD63459885}.Debug|x86.ActiveCfg = Debug|Win32
		{046DBCA3-24C4-4667-8BD7-28FD63459885}.Debug|x86.Build.0 = Debug|Win32
		{046DBCA3-24C4-4667-8BD7-28FD63459885}.Release|x64.ActiveCfg = Release|x64
		{046DBCA3-24C4-4667-8BD7-28FD63459885}.Release|x64.Build.0 = Release|x64
		{046DBCA3-24C4-4667-8BD7-28FD63459885}.Release|x86.ActiveCfg = Release|Win32
		{046DBCA3-24C4-4667-8BD7-28FD63459885}.Release|x86.Build.0 = Release|Win32
		{4DA3A4A8-E51F-4A52-8E78-025740FBE0E2}.Debug|x64.ActiveCfg = Debug|x64
		{4DA3A4A8-E51F-4A52-8E78-025740FBE0E2}.Debug|x64.Build.0 = Debug|x64
		{4DA3A4A8-E51F-4A52-8E78-025740FBE0E2}.Debug|x86.ActiveCfg = Debug|Win32
		{4DA3A4A8-E51F-4A52-8E78-025740FBE0E2}.Debug|x86.Build.0 = Debug|Win32
		{4DA3A4A8-E51F-4A52-8E78-025740FBE0E2}.Release|x64.ActiveCfg = Release|x64
		{4DA3A4A8-E51F-4A52-8E78-025740FBE0E2}.Release|x64.Build.0 = Release|x64
		{4DA3A4A8-E51F-4A52-8E78-025740FBE0E2}.Release|x86.ActiveCfg = Release|Win32
		{4DA3A4A8-E51F-4A52-8E78-025740FBE0E2}.Release|x86.Build.0 = Release|Win32
		{E7F239C4-08A0-43B0-B868-8432852AE831}.Debug|x64.ActiveCfg = Debug|x64
		{E7F239C4-08A0-43B0-B868-8432852AE831}.Debug|x64.Build.0 = Debug|x64
		{E7F239C4-08A0-43B0-B868-8432852AE831}.Debug|x86.ActiveCfg = Debug|Win32
		{E7F239C4-08A0-43B0-B868-8432852AE831}.Debug|x86.Build.0 = Debug|Win32
		{E7F239C4-08A0-43B0-B868-8432852AE831}.Release|x64.ActiveCfg = Release|x64
		{E7F239C4-08A0-43B0-B868-8432852AE831}.Release|x64.Build.0 = Release|x64
		{E7F239C4-08A0-43B0-B868-8432852AE831}.Release|x86.ActiveCfg = Release|Win32
		{E7F239C4-08A0-43B0-B868-8432852AE831}.Release|x86.Build.0 = Release|Win32
		{AFCEB2E9-7DC9-4BDA-94DB-9C2FB41A41D2}.Debug|x64.ActiveCfg = Debug|x64
		{AFCEB2E9-7DC9-4BDA-94DB-9C2FB41A41D2}.Debug|x64.Build.0 = Debug|x64
		{AFCEB2E9-7DC9-4BDA-94DB-9C2FB41A41D2}.Debug|x86.ActiveCfg = Debug|Win32
		{AFCEB2E9-7DC9-4BDA-94DB-9C2FB41A41D2}.Debug|x86.Build.0 = Debug|Win32
		{AFCEB2E9-7DC9-4BDA-94DB-9C2FB41A41D2}.Release|x64.ActiveCfg = Release|x64
		{AFCEB2E9-7DC9-4BDA-94DB-9C2FB41A41D2}.Release|x64.Build.0 = Release|x64
		{AFCEB2E9-7DC9-4BDA-94DB-9C2FB41A41D2}.Release|x86.ActiveCfg = Release|Win32
		{AFCEB2E9-7DC9-4BDA-94DB-9C2FB41A41D2}.Release|x86.Build.0 = Release|Win32
		{D7E7CFC4-B6CF-498D-B421-DB044934E6D9}.Debug|x64.ActiveCfg = Debug|x64
		{D7E7CFC4-B6CF-498D-B421-DB044934E6D9}.Debug|x64.Build.0 = Debug|x64
		{D7E7CFC4-B6CF-498D-B421-DB044934E6D9}.Debug|x86.ActiveCfg = Debug|Win32
		{D7E7CFC4-B6CF-498D-B421-DB044934E6D9}.Debug|x86.Build.0 = Debug|Win32
		{D7E7CFC4-B6CF-498D-B421-DB044934E6D9}.Release|x64.ActiveCfg = Release|x64
		{D7E7CFC4-B6CF-498D-B421-DB044934E6D9}.Release|x64.Build.0 = Release|x64
		{D7E7CFC4-B6CF-498D-B421-DB044934E6D9}.Release|x86.ActiveCfg = Release|Win32
		{D7E7CFC4-B6CF-498D-B421-DB044934E6D9}.Release|x86.Build.0 = Release|Win32
	EndGlobalSection
	GlobalSection(SolutionProperties) = preSolution
		HideSolutionNode = FALSE
	EndGlobalSection
	GlobalSection(NestedProjects) = preSolution
		{650B4E23-A270-4E02-9497-0481216055AE} = {CBA64B60-EC3D-4CA7-B1F3-C15D193C9B71}
		{8189C5B4-F4B8-415B-A8F7-DAB9BC3503A2} = {CBA64B60-EC3D-4CA7-B1F3-C15D193C9B71}
		{AAA04842-48BB-4597-8065-4CE331D8F3B3} = {CBA64B60-EC3D-4CA7-B1F3-C15D193C9B71}
		{512DC6B5-158D-4057-9D77-D11241F905B9} = {CBA64B60-EC3D-4CA7-B1F3-C15D193C9B71}
		{0A502D02-22F5-402D-9754-B53AADCAB713} = {65B58B20-AEEB-4DBD-BBC4-D5A73DB0CE9E}
		{0C026399-70EB-4B2F-A47A-A46C8947CF35} = {65B58B20-AEEB-4DBD-BBC4-D5A73DB0CE9E}
		{962BB54D-77A5-405E-BB01-8A5BACD8266D} = {65B58B20-AEEB-4DBD-BBC4-D5A73DB0CE9E}
		{433785DA-E50E-4C77-A3E2-DA4785EAD068} = {65B58B20-AEEB-4DBD-BBC4-D5A73DB0CE9E}
		{9FF56249-C5B2-4B4B-B2E9-260B04E6CE22} = {AD8E8954-9078-4221-AE35-0AF5831E676C}
		{C9E5C62D-B94E-4F9F-9716-3679CB75E480} = {AD8E8954-9078-4221-AE35-0AF5831E676C}
		{6F555763-D5E1-43FF-92DC-AB1E58A070B3} = {AD8E8954-9078-4221-AE35-0AF5831E676C}
		{5C73C313-CD76-4100-8398-B0704BE8F0F0} = {AD8E8954-9078-4221-AE35-0AF5831E676C}
		{50F5E99D-00C3-401B-9616-234EAC0D88FC} = {AD8E8954-9078-4221-AE35-0AF5831E676C}
		{C9672747-22C7-4DD7-B4E8-1462C039DBF3} = {AD8E8954-9078-4221-AE35-0AF5831E676C}
		{63469563-B39B-4643-949B-51F5F5A13DB3} = {07864269-DC36-4981-83F7-F53E189F4337}
		{FF85B06B-D2F1-4080-8EDA-A5139F364143} = {07864269-DC36-4981-83F7-F53E189F4337}
		{FB492EC2-7288-41DE-B531-EC96439624D3} = {FC74EC89-A7A1-416C-BD21-4517FEA3F025}
		{F36D1EA7-AC44-4F74-9550-189CEF22E0AD} = {FC74EC89-A7A1-416C-BD21-4517FEA3F025}
		{05BEBDEF-FCD4-4CC8-890B-37038481778A} = {FC74EC89-A7A1-416C-BD21-4517FEA3F025}
		{85A59F88-2C81-4839-8865-4DF252DE6603} = {17E03783-0BDB-4DDC-8DB2-C2C78D04C3E2}
		{8A286203-50F4-4076-8669-BC6B56284A62} = {17E03783-0BDB-4DDC-8DB2-C2C78D04C3E2}
		{86DC4018-FBBE-4A0C-8AF4-178B32DE83E6} = {17E03783-0BDB-4DDC-8DB2-C2C78D04C3E2}
		{C5EDF940-95F3-4762-AE44-8E0BE174F4B8} = {17E03783-0BDB-4DDC-8DB2-C2C78D04C3E2}
		{A05AA6EF-D4BE-47F4-8F77-6607B3A434ED} = {17E03783-0BDB-4DDC-8DB2-C2C78D04C3E2}
		{F88E1736-7F05-473F-9EBD-EFBF675DF4D9} = {17E03783-0BDB-4DDC-8DB2-C2C78D04C3E2}
		{EFFD0D57-B536-4F6B-9D52-5BA3F16041DB} = {8279C9E7-003B-4B9F-8E41-A8B33729ACCC}
		{F1E7AE91-3923-459F-88C8-B4654C575367} = {8279C9E7-003B-4B9F-8E41-A8B33729ACCC}
		{C05420A1-2EC1-45E7-87FA-F47A4CE42DFC} = {8279C9E7-003B-4B9F-8E41-A8B33729ACCC}
		{6D0E8640-632C-438D-94BD-3A75F8762751} = {8279C9E7-003B-4B9F-8E41-A8B33729ACCC}
		{56564172-163E-4116-85B6-4E2DBA16B773} = {8279C9E7-003B-4B9F-8E41-A8B33729ACCC}
		{046DBCA3-24C4-4667-8BD7-28FD63459885} = {E46FEF9A-BDA2-4EE6-8DC2-13EA545ACA1C}
		{4DA3A4A8-E51F-4A52-8E78-025740FBE0E2} = {E46FEF9A-BDA2-4EE6-8DC2-13EA545ACA1C}
		{E7F239C4-08A0-43B0-B868-8432852AE831} = {E46FEF9A-BDA2-4EE6-8DC2-13EA545ACA1C}
		{AFCEB2E9-7DC9-4BDA-94DB-9C2FB41A41D2} = {96829F21-D31A-4456-A017-5538A0447B14}
		{D7E7CFC4-B6CF-498D-B421-DB044934E6D9} = {96829F21-D31A-4456-A017-5538A0447B14}
	EndGlobalSection
	GlobalSection(ExtensibilityGlobals) = postSolution
		SolutionGuid = {0811DF8D-8378-462E-B2A4-F3985A4F6411}
	EndGlobalSection
EndGlobal
